
Microsoft Visual Studio Solution File, Format Version 12.00
# Visual Studio Version 17
VisualStudioVersion = 17.5.002.0
MinimumVisualStudioVersion = 10.0.40219.1
Project("{2150E333-8FDC-42A3-9474-1A3956D46DE8}") = "C_SHARPlesson1", "C_SHARPlesson1", "{346CED06-F83B-4113-8EBB-5D92CC175C01}"
EndProject
Project("{9A19103F-16F7-4668-BE54-9A1E7A4F7556}") = "Task1", "C_SHARPlesson1\Task1\Task1.csproj", "{50B8BA92-458C-4EFD-A495-1D3CC45FB254}"
EndProject
Global
	GlobalSection(SolutionConfigurationPlatforms) = preSolution
		Debug|Any CPU = Debug|Any CPU
		Release|Any CPU = Release|Any CPU
	EndGlobalSection
	GlobalSection(ProjectConfigurationPlatforms) = postSolution
		{50B8BA92-458C-4EFD-A495-1D3CC45FB254}.Debug|Any CPU.ActiveCfg = Debug|Any CPU
		{50B8BA92-458C-4EFD-A495-1D3CC45FB254}.Debug|Any CPU.Build.0 = Debug|Any CPU
		{50B8BA92-458C-4EFD-A495-1D3CC45FB254}.Release|Any CPU.ActiveCfg = Release|Any CPU
		{50B8BA92-458C-4EFD-A495-1D3CC45FB254}.Release|Any CPU.Build.0 = Release|Any CPU
	EndGlobalSection
	GlobalSection(SolutionProperties) = preSolution
		HideSolutionNode = FALSE
	EndGlobalSection
	GlobalSection(NestedProjects) = preSolution
		{50B8BA92-458C-4EFD-A495-1D3CC45FB254} = {346CED06-F83B-4113-8EBB-5D92CC175C01}
	EndGlobalSection
	GlobalSection(ExtensibilityGlobals) = postSolution
		SolutionGuid = {B1BF84D9-BC0C-4F15-9F5A-3B9AD09B0AC8}
	EndGlobalSection
EndGlobal
